// !$*UTF8*$!
{
	archiveVersion = 1;
	classes = {
	};
	objectVersion = 56;
	objects = {

/* Begin PBXBuildFile section */
		525B65712B6268D70051286C /* EventController.swift in Sources */ = {isa = PBXBuildFile; fileRef = 525B65702B6268D70051286C /* EventController.swift */; };
		525B65732B626BB50051286C /* EventAPI.swift in Sources */ = {isa = PBXBuildFile; fileRef = 525B65722B626BB50051286C /* EventAPI.swift */; };
		52AEF176297D48D20048D6D0 /* AppDelegate.swift in Sources */ = {isa = PBXBuildFile; fileRef = 52AEF175297D48D20048D6D0 /* AppDelegate.swift */; };
		52AEF178297D48D20048D6D0 /* SceneDelegate.swift in Sources */ = {isa = PBXBuildFile; fileRef = 52AEF177297D48D20048D6D0 /* SceneDelegate.swift */; };
		52AEF17A297D48D20048D6D0 /* ViewController.swift in Sources */ = {isa = PBXBuildFile; fileRef = 52AEF179297D48D20048D6D0 /* ViewController.swift */; };
		52AEF17F297D48D50048D6D0 /* Assets.xcassets in Resources */ = {isa = PBXBuildFile; fileRef = 52AEF17E297D48D50048D6D0 /* Assets.xcassets */; };
		52AEF182297D48D50048D6D0 /* LaunchScreen.storyboard in Resources */ = {isa = PBXBuildFile; fileRef = 52AEF180297D48D50048D6D0 /* LaunchScreen.storyboard */; };
		52AEF18E297D533F0048D6D0 /* Event.swift in Sources */ = {isa = PBXBuildFile; fileRef = 52AEF18D297D533F0048D6D0 /* Event.swift */; };
		52AEF194297D54DB0048D6D0 /* EventTableViewController.swift in Sources */ = {isa = PBXBuildFile; fileRef = 52AEF193297D54DB0048D6D0 /* EventTableViewController.swift */; };
		52AEF196297D553C0048D6D0 /* EventTableViewCell.swift in Sources */ = {isa = PBXBuildFile; fileRef = 52AEF195297D553C0048D6D0 /* EventTableViewCell.swift */; };
/* End PBXBuildFile section */

/* Begin PBXFileReference section */
		525B65702B6268D70051286C /* EventController.swift */ = {isa = PBXFileReference; lastKnownFileType = sourcecode.swift; path = EventController.swift; sourceTree = "<group>"; };
		525B65722B626BB50051286C /* EventAPI.swift */ = {isa = PBXFileReference; lastKnownFileType = sourcecode.swift; path = EventAPI.swift; sourceTree = "<group>"; };
		52AEF172297D48D20048D6D0 /* Event.app */ = {isa = PBXFileReference; explicitFileType = wrapper.application; includeInIndex = 0; path = Event.app; sourceTree = BUILT_PRODUCTS_DIR; };
		52AEF175297D48D20048D6D0 /* AppDelegate.swift */ = {isa = PBXFileReference; lastKnownFileType = sourcecode.swift; path = AppDelegate.swift; sourceTree = "<group>"; };
		52AEF177297D48D20048D6D0 /* SceneDelegate.swift */ = {isa = PBXFileReference; lastKnownFileType = sourcecode.swift; path = SceneDelegate.swift; sourceTree = "<group>"; };
		52AEF179297D48D20048D6D0 /* ViewController.swift */ = {isa = PBXFileReference; lastKnownFileType = sourcecode.swift; path = ViewController.swift; sourceTree = "<group>"; };
		52AEF17E297D48D50048D6D0 /* Assets.xcassets */ = {isa = PBXFileReference; lastKnownFileType = folder.assetcatalog; path = Assets.xcassets; sourceTree = "<group>"; };
		52AEF181297D48D50048D6D0 /* Base */ = {isa = PBXFileReference; lastKnownFileType = file.storyboard; name = Base; path = Base.lproj/LaunchScreen.storyboard; sourceTree = "<group>"; };
		52AEF183297D48D50048D6D0 /* Info.plist */ = {isa = PBXFileReference; lastKnownFileType = text.plist.xml; path = Info.plist; sourceTree = "<group>"; };
		52AEF18D297D533F0048D6D0 /* Event.swift */ = {isa = PBXFileReference; lastKnownFileType = sourcecode.swift; path = Event.swift; sourceTree = "<group>"; };
		52AEF193297D54DB0048D6D0 /* EventTableViewController.swift */ = {isa = PBXFileReference; lastKnownFileType = sourcecode.swift; path = EventTableViewController.swift; sourceTree = "<group>"; };
		52AEF195297D553C0048D6D0 /* EventTableViewCell.swift */ = {isa = PBXFileReference; lastKnownFileType = sourcecode.swift; path = EventTableViewCell.swift; sourceTree = "<group>"; };
/* End PBXFileReference section */

/* Begin PBXFrameworksBuildPhase section */
		52AEF16F297D48D20048D6D0 /* Frameworks */ = {
			isa = PBXFrameworksBuildPhase;
			buildActionMask = 2147483647;
			files = (
			);
			runOnlyForDeploymentPostprocessing = 0;
		};
/* End PBXFrameworksBuildPhase section */

/* Begin PBXGroup section */
		52AEF169297D48D20048D6D0 = {
			isa = PBXGroup;
			children = (
				52AEF174297D48D20048D6D0 /* Event */,
				52AEF173297D48D20048D6D0 /* Products */,
			);
			sourceTree = "<group>";
		};
		52AEF173297D48D20048D6D0 /* Products */ = {
			isa = PBXGroup;
			children = (
				52AEF172297D48D20048D6D0 /* Event.app */,
			);
			name = Products;
			sourceTree = "<group>";
		};
		52AEF174297D48D20048D6D0 /* Event */ = {
			isa = PBXGroup;
			children = (
				52AEF183297D48D50048D6D0 /* Info.plist */,
				52AEF189297D4A3A0048D6D0 /* Core */,
				52AEF18B297D4A5E0048D6D0 /* Model */,
				52AEF18C297D4A660048D6D0 /* View */,
				52AEF18A297D4A480048D6D0 /* Controller */,
				52AEF198297D5F0D0048D6D0 /* Extension */,
			);
			path = Event;
			sourceTree = "<group>";
		};
		52AEF189297D4A3A0048D6D0 /* Core */ = {
			isa = PBXGroup;
			children = (
				52AEF17E297D48D50048D6D0 /* Assets.xcassets */,
				52AEF180297D48D50048D6D0 /* LaunchScreen.storyboard */,
				52AEF175297D48D20048D6D0 /* AppDelegate.swift */,
				52AEF177297D48D20048D6D0 /* SceneDelegate.swift */,
			);
			path = Core;
			sourceTree = "<group>";
		};
		52AEF18A297D4A480048D6D0 /* Controller */ = {
			isa = PBXGroup;
			children = (
				52AEF179297D48D20048D6D0 /* ViewController.swift */,
				525B65702B6268D70051286C /* EventController.swift */,
				52AEF193297D54DB0048D6D0 /* EventTableViewController.swift */,
			);
			path = Controller;
			sourceTree = "<group>";
		};
		52AEF18B297D4A5E0048D6D0 /* Model */ = {
			isa = PBXGroup;
			children = (
				52AEF18D297D533F0048D6D0 /* Event.swift */,
				525B65722B626BB50051286C /* EventAPI.swift */,
			);
			path = Model;
			sourceTree = "<group>";
		};
		52AEF18C297D4A660048D6D0 /* View */ = {
			isa = PBXGroup;
			children = (
				52AEF195297D553C0048D6D0 /* EventTableViewCell.swift */,
			);
			path = View;
			sourceTree = "<group>";
		};
		52AEF198297D5F0D0048D6D0 /* Extension */ = {
			isa = PBXGroup;
			children = (
			);
			path = Extension;
			sourceTree = "<group>";
		};
/* End PBXGroup section */

/* Begin PBXNativeTarget section */
		52AEF171297D48D20048D6D0 /* Event */ = {
			isa = PBXNativeTarget;
			buildConfigurationList = 52AEF186297D48D50048D6D0 /* Build configuration list for PBXNativeTarget "Event" */;
			buildPhases = (
				52AEF16E297D48D20048D6D0 /* Sources */,
				52AEF16F297D48D20048D6D0 /* Frameworks */,
				52AEF170297D48D20048D6D0 /* Resources */,
			);
			buildRules = (
			);
			dependencies = (
			);
			name = Event;
			productName = Event;
			productReference = 52AEF172297D48D20048D6D0 /* Event.app */;
			productType = "com.apple.product-type.application";
		};
/* End PBXNativeTarget section */

/* Begin PBXProject section */
		52AEF16A297D48D20048D6D0 /* Project object */ = {
			isa = PBXProject;
			attributes = {
				BuildIndependentTargetsInParallel = 1;
				LastSwiftUpdateCheck = 1420;
				LastUpgradeCheck = 1420;
				TargetAttributes = {
					52AEF171297D48D20048D6D0 = {
						CreatedOnToolsVersion = 14.2;
					};
				};
			};
			buildConfigurationList = 52AEF16D297D48D20048D6D0 /* Build configuration list for PBXProject "Event" */;
			compatibilityVersion = "Xcode 14.0";
			developmentRegion = en;
			hasScannedForEncodings = 0;
			knownRegions = (
				en,
				Base,
			);
			mainGroup = 52AEF169297D48D20048D6D0;
			productRefGroup = 52AEF173297D48D20048D6D0 /* Products */;
			projectDirPath = "";
			projectRoot = "";
			targets = (
				52AEF171297D48D20048D6D0 /* Event */,
			);
		};
/* End PBXProject section */

/* Begin PBXResourcesBuildPhase section */
		52AEF170297D48D20048D6D0 /* Resources */ = {
			isa = PBXResourcesBuildPhase;
			buildActionMask = 2147483647;
			files = (
				52AEF182297D48D50048D6D0 /* LaunchScreen.storyboard in Resources */,
				52AEF17F297D48D50048D6D0 /* Assets.xcassets in Resources */,
			);
			runOnlyForDeploymentPostprocessing = 0;
		};
/* End PBXResourcesBuildPhase section */

/* Begin PBXSourcesBuildPhase section */
		52AEF16E297D48D20048D6D0 /* Sources */ = {
			isa = PBXSourcesBuildPhase;
			buildActionMask = 2147483647;
			files = (
				52AEF196297D553C0048D6D0 /* EventTableViewCell.swift in Sources */,
				52AEF18E297D533F0048D6D0 /* Event.swift in Sources */,
				52AEF17A297D48D20048D6D0 /* ViewController.swift in Sources */,
				52AEF176297D48D20048D6D0 /* AppDelegate.swift in Sources */,
				52AEF178297D48D20048D6D0 /* SceneDelegate.swift in Sources */,
				525B65732B626BB50051286C /* EventAPI.swift in Sources */,
				525B65712B6268D70051286C /* EventController.swift in Sources */,
				52AEF194297D54DB0048D6D0 /* EventTableViewController.swift in Sources */,
			);
			runOnlyForDeploymentPostprocessing = 0;
		};
/* End PBXSourcesBuildPhase section */

/* Begin PBXVariantGroup section */
		52AEF180297D48D50048D6D0 /* LaunchScreen.storyboard */ = {
			isa = PBXVariantGroup;
			children = (
				52AEF181297D48D50048D6D0 /* Base */,
			);
			name = LaunchScreen.storyboard;
			sourceTree = "<group>";
		};
/* End PBXVariantGroup section */

/* Begin XCBuildConfiguration section */
		52AEF184297D48D50048D6D0 /* Debug */ = {
			isa = XCBuildConfiguration;
			buildSettings = {
				ALWAYS_SEARCH_USER_PATHS = NO;
				CLANG_ANALYZER_NONNULL = YES;
				CLANG_ANALYZER_NUMBER_OBJECT_CONVERSION = YES_AGGRESSIVE;
				CLANG_CXX_LANGUAGE_STANDARD = "gnu++20";
				CLANG_ENABLE_MODULES = YES;
				CLANG_ENABLE_OBJC_ARC = YES;
				CLANG_ENABLE_OBJC_WEAK = YES;
				CLANG_WARN_BLOCK_CAPTURE_AUTORELEASING = YES;
				CLANG_WARN_BOOL_CONVERSION = YES;
				CLANG_WARN_COMMA = YES;
				CLANG_WARN_CONSTANT_CONVERSION = YES;
				CLANG_WARN_DEPRECATED_OBJC_IMPLEMENTATIONS = YES;
				CLANG_WARN_DIRECT_OBJC_ISA_USAGE = YES_ERROR;
				CLANG_WARN_DOCUMENTATION_COMMENTS = YES;
				CLANG_WARN_EMPTY_BODY = YES;
				CLANG_WARN_ENUM_CONVERSION = YES;
				CLANG_WARN_INFINITE_RECURSION = YES;
				CLANG_WARN_INT_CONVERSION = YES;
				CLANG_WARN_NON_LITERAL_NULL_CONVERSION = YES;
				CLANG_WARN_OBJC_IMPLICIT_RETAIN_SELF = YES;
				CLANG_WARN_OBJC_LITERAL_CONVERSION = YES;
				CLANG_WARN_OBJC_ROOT_CLASS = YES_ERROR;
				CLANG_WARN_QUOTED_INCLUDE_IN_FRAMEWORK_HEADER = YES;
				CLANG_WARN_RANGE_LOOP_ANALYSIS = YES;
				CLANG_WARN_STRICT_PROTOTYPES = YES;
				CLANG_WARN_SUSPICIOUS_MOVE = YES;
				CLANG_WARN_UNGUARDED_AVAILABILITY = YES_AGGRESSIVE;
				CLANG_WARN_UNREACHABLE_CODE = YES;
				CLANG_WARN__DUPLICATE_METHOD_MATCH = YES;
				COPY_PHASE_STRIP = NO;
				DEBUG_INFORMATION_FORMAT = dwarf;
				ENABLE_STRICT_OBJC_MSGSEND = YES;
				ENABLE_TESTABILITY = YES;
				GCC_C_LANGUAGE_STANDARD = gnu11;
				GCC_DYNAMIC_NO_PIC = NO;
				GCC_NO_COMMON_BLOCKS = YES;
				GCC_OPTIMIZATION_LEVEL = 0;
				GCC_PREPROCESSOR_DEFINITIONS = (
					"DEBUG=1",
					"$(inherited)",
				);
				GCC_WARN_64_TO_32_BIT_CONVERSION = YES;
				GCC_WARN_ABOUT_RETURN_TYPE = YES_ERROR;
				GCC_WARN_UNDECLARED_SELECTOR = YES;
				GCC_WARN_UNINITIALIZED_AUTOS = YES_AGGRESSIVE;
				GCC_WARN_UNUSED_FUNCTION = YES;
				GCC_WARN_UNUSED_VARIABLE = YES;
				IPHONEOS_DEPLOYMENT_TARGET = 16.2;
				MTL_ENABLE_DEBUG_INFO = INCLUDE_SOURCE;
				MTL_FAST_MATH = YES;
				ONLY_ACTIVE_ARCH = YES;
				SDKROOT = iphoneos;
				SWIFT_ACTIVE_COMPILATION_CONDITIONS = DEBUG;
				SWIFT_OPTIMIZATION_LEVEL = "-Onone";
			};
			name = Debug;
		};
		52AEF185297D48D50048D6D0 /* Release */ = {
			isa = XCBuildConfiguration;
			buildSettings = {
				ALWAYS_SEARCH_USER_PATHS = NO;
				CLANG_ANALYZER_NONNULL = YES;
				CLANG_ANALYZER_NUMBER_OBJECT_CONVERSION = YES_AGGRESSIVE;
				CLANG_CXX_LANGUAGE_STANDARD = "gnu++20";
				CLANG_ENABLE_MODULES = YES;
				CLANG_ENABLE_OBJC_ARC = YES;
				CLANG_ENABLE_OBJC_WEAK = YES;
				CLANG_WARN_BLOCK_CAPTURE_AUTORELEASING = YES;
				CLANG_WARN_BOOL_CONVERSION = YES;
				CLANG_WARN_COMMA = YES;
				CLANG_WARN_CONSTANT_CONVERSION = YES;
				CLANG_WARN_DEPRECATED_OBJC_IMPLEMENTATIONS = YES;
				CLANG_WARN_DIRECT_OBJC_ISA_USAGE = YES_ERROR;
				CLANG_WARN_DOCUMENTATION_COMMENTS = YES;
				CLANG_WARN_EMPTY_BODY = YES;
				CLANG_WARN_ENUM_CONVERSION = YES;
				CLANG_WARN_INFINITE_RECURSION = YES;
				CLANG_WARN_INT_CONVERSION = YES;
				CLANG_WARN_NON_LITERAL_NULL_CONVERSION = YES;
				CLANG_WARN_OBJC_IMPLICIT_RETAIN_SELF = YES;
				CLANG_WARN_OBJC_LITERAL_CONVERSION = YES;
				CLANG_WARN_OBJC_ROOT_CLASS = YES_ERROR;
				CLANG_WARN_QUOTED_INCLUDE_IN_FRAMEWORK_HEADER = YES;
				CLANG_WARN_RANGE_LOOP_ANALYSIS = YES;
				CLANG_WARN_STRICT_PROTOTYPES = YES;
				CLANG_WARN_SUSPICIOUS_MOVE = YES;
				CLANG_WARN_UNGUARDED_AVAILABILITY = YES_AGGRESSIVE;
				CLANG_WARN_UNREACHABLE_CODE = YES;
				CLANG_WARN__DUPLICATE_METHOD_MATCH = YES;
				COPY_PHASE_STRIP = NO;
				DEBUG_INFORMATION_FORMAT = "dwarf-with-dsym";
				ENABLE_NS_ASSERTIONS = NO;
				ENABLE_STRICT_OBJC_MSGSEND = YES;
				GCC_C_LANGUAGE_STANDARD = gnu11;
				GCC_NO_COMMON_BLOCKS = YES;
				GCC_WARN_64_TO_32_BIT_CONVERSION = YES;
				GCC_WARN_ABOUT_RETURN_TYPE = YES_ERROR;
				GCC_WARN_UNDECLARED_SELECTOR = YES;
				GCC_WARN_UNINITIALIZED_AUTOS = YES_AGGRESSIVE;
				GCC_WARN_UNUSED_FUNCTION = YES;
				GCC_WARN_UNUSED_VARIABLE = YES;
				IPHONEOS_DEPLOYMENT_TARGET = 16.2;
				MTL_ENABLE_DEBUG_INFO = NO;
				MTL_FAST_MATH = YES;
				SDKROOT = iphoneos;
				SWIFT_COMPILATION_MODE = wholemodule;
				SWIFT_OPTIMIZATION_LEVEL = "-O";
				VALIDATE_PRODUCT = YES;
			};
			name = Release;
		};
		52AEF187297D48D50048D6D0 /* Debug */ = {
			isa = XCBuildConfiguration;
			buildSettings = {
				ASSETCATALOG_COMPILER_APPICON_NAME = AppIcon;
				ASSETCATALOG_COMPILER_GLOBAL_ACCENT_COLOR_NAME = AccentColor;
				CODE_SIGN_STYLE = Automatic;
				CURRENT_PROJECT_VERSION = 1;
				DEVELOPMENT_TEAM = 2B6BY67QBH;
				GENERATE_INFOPLIST_FILE = YES;
				INFOPLIST_FILE = Event/Info.plist;
				INFOPLIST_KEY_UIApplicationSupportsIndirectInputEvents = YES;
				INFOPLIST_KEY_UILaunchStoryboardName = ma;
				INFOPLIST_KEY_UISupportedInterfaceOrientations_iPad = "UIInterfaceOrientationPortrait UIInterfaceOrientationPortraitUpsideDown UIInterfaceOrientationLandscapeLeft UIInterfaceOrientationLandscapeRight";
				INFOPLIST_KEY_UISupportedInterfaceOrientations_iPhone = "UIInterfaceOrientationPortrait UIInterfaceOrientationLandscapeLeft UIInterfaceOrientationLandscapeRight";
				IPHONEOS_DEPLOYMENT_TARGET = 15.0;
				LD_RUNPATH_SEARCH_PATHS = (
					"$(inherited)",
					"@executable_path/Frameworks",
				);
				MARKETING_VERSION = 1.0;
				PRODUCT_BUNDLE_IDENTIFIER = Atheer.Event;
				PRODUCT_NAME = "$(TARGET_NAME)";
				SWIFT_EMIT_LOC_STRINGS = YES;
				SWIFT_VERSION = 5.0;
				TARGETED_DEVICE_FAMILY = "1,2";
			};
			name = Debug;
		};
		52AEF188297D48D50048D6D0 /* Release */ = {
			isa = XCBuildConfiguration;
			buildSettings = {
				ASSETCATALOG_COMPILER_APPICON_NAME = AppIcon;
				ASSETCATALOG_COMPILER_GLOBAL_ACCENT_COLOR_NAME = AccentColor;
				CODE_SIGN_STYLE = Automatic;
				CURRENT_PROJECT_VERSION = 1;
				DEVELOPMENT_TEAM = 2B6BY67QBH;
				GENERATE_INFOPLIST_FILE = YES;
				INFOPLIST_FILE = Event/Info.plist;
				INFOPLIST_KEY_UIApplicationSupportsIndirectInputEvents = YES;
				INFOPLIST_KEY_UILaunchStoryboardName = ma;
				INFOPLIST_KEY_UISupportedInterfaceOrientations_iPad = "UIInterfaceOrientationPortrait UIInterfaceOrientationPortraitUpsideDown UIInterfaceOrientationLandscapeLeft UIInterfaceOrientationLandscapeRight";
				INFOPLIST_KEY_UISupportedInterfaceOrientations_iPhone = "UIInterfaceOrientationPortrait UIInterfaceOrientationLandscapeLeft UIInterfaceOrientationLandscapeRight";
				IPHONEOS_DEPLOYMENT_TARGET = 15.0;
				LD_RUNPATH_SEARCH_PATHS = (
					"$(inherited)",
					"@executable_path/Frameworks",
				);
				MARKETING_VERSION = 1.0;
				PRODUCT_BUNDLE_IDENTIFIER = Atheer.Event;
				PRODUCT_NAME = "$(TARGET_NAME)";
				SWIFT_EMIT_LOC_STRINGS = YES;
				SWIFT_VERSION = 5.0;
				TARGETED_DEVICE_FAMILY = "1,2";
			};
			name = Release;
		};
/* End XCBuildConfiguration section */

/* Begin XCConfigurationList section */
		52AEF16D297D48D20048D6D0 /* Build configuration list for PBXProject "Event" */ = {
			isa = XCConfigurationList;
			buildConfigurations = (
				52AEF184297D48D50048D6D0 /* Debug */,
				52AEF185297D48D50048D6D0 /* Release */,
			);
			defaultConfigurationIsVisible = 0;
			defaultConfigurationName = Release;
		};
		52AEF186297D48D50048D6D0 /* Build configuration list for PBXNativeTarget "Event" */ = {
			isa = XCConfigurationList;
			buildConfigurations = (
				52AEF187297D48D50048D6D0 /* Debug */,
				52AEF188297D48D50048D6D0 /* Release */,
			);
			defaultConfigurationIsVisible = 0;
			defaultConfigurationName = Release;
		};
/* End XCConfigurationList section */
	};
	rootObject = 52AEF16A297D48D20048D6D0 /* Project object */;
}
